
Microsoft Visual Studio Solution File, Format Version 12.00
# Visual Studio Version 16
VisualStudioVersion = 16.0.29318.209
MinimumVisualStudioVersion = 10.0.40219.1
Project("{9A19103F-16F7-4668-BE54-9A1E7A4F7556}") = "PruebasUnitarias", "PruebasUnitarias\PruebasUnitarias.csproj", "{ABE79FED-DE00-4A92-84B5-AEC78B2D4025}"
EndProject
Project("{9A19103F-16F7-4668-BE54-9A1E7A4F7556}") = "CapaPresentacion", "CapaPresentacion\CapaPresentacion.csproj", "{AC5444FC-E880-40AC-B6EA-286EFB0CCD5C}"
EndProject
Global
	GlobalSection(SolutionConfigurationPlatforms) = preSolution
		Debug|Any CPU = Debug|Any CPU
		Release|Any CPU = Release|Any CPU
	EndGlobalSection
	GlobalSection(ProjectConfigurationPlatforms) = postSolution
		{ABE79FED-DE00-4A92-84B5-AEC78B2D4025}.Debug|Any CPU.ActiveCfg = Debug|Any CPU
		{ABE79FED-DE00-4A92-84B5-AEC78B2D4025}.Debug|Any CPU.Build.0 = Debug|Any CPU
		{ABE79FED-DE00-4A92-84B5-AEC78B2D4025}.Release|Any CPU.ActiveCfg = Release|Any CPU
		{ABE79FED-DE00-4A92-84B5-AEC78B2D4025}.Release|Any CPU.Build.0 = Release|Any CPU
		{AC5444FC-E880-40AC-B6EA-286EFB0CCD5C}.Debug|Any CPU.ActiveCfg = Debug|Any CPU
		{AC5444FC-E880-40AC-B6EA-286EFB0CCD5C}.Debug|Any CPU.Build.0 = Debug|Any CPU
		{AC5444FC-E880-40AC-B6EA-286EFB0CCD5C}.Release|Any CPU.ActiveCfg = Release|Any CPU
		{AC5444FC-E880-40AC-B6EA-286EFB0CCD5C}.Release|Any CPU.Build.0 = Release|Any CPU
	EndGlobalSection
	GlobalSection(SolutionProperties) = preSolution
		HideSolutionNode = FALSE
	EndGlobalSection
	GlobalSection(ExtensibilityGlobals) = postSolution
		SolutionGuid = {CD5C20FC-55FB-43F2-A6AB-76D91CB5175C}
	EndGlobalSection
EndGlobal
